
Microsoft Visual Studio Solution File, Format Version 12.00
# Visual Studio 2012
# SharpDevelop 5.1
VisualStudioVersion = 12.0.20827.3
MinimumVisualStudioVersion = 10.0.40219.1
Project("{FAE04EC0-301F-11D3-BF4B-00C04F79EFBC}") = "AFShiftResolverDR", "AFShiftResolverDR\AFShiftResolverDR.csproj", "{8369D4FD-CEB7-44B7-93C6-398B9B79AAA3}"
EndProject
Project("{FAE04EC0-301F-11D3-BF4B-00C04F79EFBC}") = "AFShiftResolverDRTests", "AFShiftResolverDRTests\AFShiftResolverDRTests.csproj", "{6B7AF14A-C92B-4AE8-89BB-537B810464D2}"
EndProject
Global
	GlobalSection(SolutionConfigurationPlatforms) = preSolution
		Debug|Any CPU = Debug|Any CPU
		Release|Any CPU = Release|Any CPU
	EndGlobalSection
	GlobalSection(ProjectConfigurationPlatforms) = postSolution
		{8369D4FD-CEB7-44B7-93C6-398B9B79AAA3}.Debug|Any CPU.ActiveCfg = Release|Any CPU
		{8369D4FD-CEB7-44B7-93C6-398B9B79AAA3}.Debug|Any CPU.Build.0 = Release|Any CPU
		{8369D4FD-CEB7-44B7-93C6-398B9B79AAA3}.Release|Any CPU.ActiveCfg = Release|Any CPU
		{8369D4FD-CEB7-44B7-93C6-398B9B79AAA3}.Release|Any CPU.Build.0 = Release|Any CPU
		{6B7AF14A-C92B-4AE8-89BB-537B810464D2}.Debug|Any CPU.ActiveCfg = Debug|Any CPU
		{6B7AF14A-C92B-4AE8-89BB-537B810464D2}.Debug|Any CPU.Build.0 = Debug|Any CPU
		{6B7AF14A-C92B-4AE8-89BB-537B810464D2}.Release|Any CPU.ActiveCfg = Release|Any CPU
		{6B7AF14A-C92B-4AE8-89BB-537B810464D2}.Release|Any CPU.Build.0 = Release|Any CPU
	EndGlobalSection
EndGlobal
